
Microsoft Visual Studio Solution File, Format Version 12.00
# Visual Studio Version 17
VisualStudioVersion = 17.13.35931.197 d17.13
MinimumVisualStudioVersion = 10.0.40219.1
Project("{FAE04EC0-301F-11D3-BF4B-00C04F79EFBC}") = "MTS_5_1_CTRL_Intelligence", "MTS_5_1_CTRL_Intelligence.csproj", "{EEA7ED11-BE43-426E-8CC8-9B557323125D}"
EndProject
Global
	GlobalSection(SolutionConfigurationPlatforms) = preSolution
		Debug|Any CPU = Debug|Any CPU
		Release|Any CPU = Release|Any CPU
	EndGlobalSection
	GlobalSection(ProjectConfigurationPlatforms) = postSolution
		{EEA7ED11-BE43-426E-8CC8-9B557323125D}.Debug|Any CPU.ActiveCfg = Debug|Any CPU
		{EEA7ED11-BE43-426E-8CC8-9B557323125D}.Debug|Any CPU.Build.0 = Debug|Any CPU
		{EEA7ED11-BE43-426E-8CC8-9B557323125D}.Release|Any CPU.ActiveCfg = Release|Any CPU
		{EEA7ED11-BE43-426E-8CC8-9B557323125D}.Release|Any CPU.Build.0 = Release|Any CPU
	EndGlobalSection
	GlobalSection(SolutionProperties) = preSolution
		HideSolutionNode = FALSE
	EndGlobalSection
	GlobalSection(ExtensibilityGlobals) = postSolution
		SolutionGuid = {563EB03E-837F-4EE6-88C9-9B47ADE1B716}
	EndGlobalSection
EndGlobal
